
Microsoft Visual Studio Solution File, Format Version 12.00
# Visual Studio Version 17
VisualStudioVersion = 17.0.31903.59
MinimumVisualStudioVersion = 10.0.40219.1
Project("{9A19103F-16F7-4668-BE54-9A1E7A4F7556}") = "Deppo.Mobile", "Deppo.Mobile\Deppo.Mobile.csproj", "{9E4C0A12-5C47-4435-B857-289EBEA021E2}"
EndProject
Project("{9A19103F-16F7-4668-BE54-9A1E7A4F7556}") = "Deppo.Mobile.Core", "Deppo.Mobile.Core\Deppo.Mobile.Core.csproj", "{A009B65D-C98E-4EEA-8660-6DDE3162068F}"
EndProject
Project("{9A19103F-16F7-4668-BE54-9A1E7A4F7556}") = "Deppo.Web", "Deppo.Web\Deppo.Web.csproj", "{D673F970-77B7-4D61-8880-FBE7BA23CC80}"
EndProject
Project("{9A19103F-16F7-4668-BE54-9A1E7A4F7556}") = "Deppo.Core", "Deppo.Core\Deppo.Core.csproj", "{3FD77AC5-A3E9-467D-9F66-5265850BB985}"
EndProject
Project("{9A19103F-16F7-4668-BE54-9A1E7A4F7556}") = "Deppo.Web.Core", "Deppo.Web.Core\Deppo.Web.Core.csproj", "{BFEE39BD-0CD1-464B-A490-A69348A1F8A7}"
EndProject
Project("{9A19103F-16F7-4668-BE54-9A1E7A4F7556}") = "Deppo.Sys.Module", "Deppo.Sys.Module\Deppo.Sys.Module.csproj", "{79318176-AB95-45E4-97D8-242D0B7F2305}"
EndProject
Project("{9A19103F-16F7-4668-BE54-9A1E7A4F7556}") = "Deppo.Sys.WebApi", "Deppo.Sys.WebApi\Deppo.Sys.WebApi.csproj", "{27E80B95-0B4C-417D-A688-A5B24C9A8E0A}"
EndProject
Project("{9A19103F-16F7-4668-BE54-9A1E7A4F7556}") = "Deppo.Sys.Win", "Deppo.Sys.Win\Deppo.Sys.Win.csproj", "{AEB3C5B8-6641-49FD-8032-9DAD9B0806F7}"
EndProject
Project("{9A19103F-16F7-4668-BE54-9A1E7A4F7556}") = "Deppo.Sys.Blazor.Server", "Deppo.Sys.Blazor.Server\Deppo.Sys.Blazor.Server.csproj", "{B506B328-630B-4E3A-9A40-425C90486ECC}"
EndProject
Project("{9A19103F-16F7-4668-BE54-9A1E7A4F7556}") = "Deppo.Sys.Service", "Deppo.Sys.Service\Deppo.Sys.Service.csproj", "{65931C42-A760-4F89-AD06-EAD720DD2ABC}"
EndProject
Global
	GlobalSection(SolutionConfigurationPlatforms) = preSolution
		Debug|Any CPU = Debug|Any CPU
		EasyTest|Any CPU = EasyTest|Any CPU
		Release|Any CPU = Release|Any CPU
	EndGlobalSection
	GlobalSection(ProjectConfigurationPlatforms) = postSolution
		{9E4C0A12-5C47-4435-B857-289EBEA021E2}.Debug|Any CPU.ActiveCfg = Debug|Any CPU
		{9E4C0A12-5C47-4435-B857-289EBEA021E2}.Debug|Any CPU.Build.0 = Debug|Any CPU
		{9E4C0A12-5C47-4435-B857-289EBEA021E2}.Debug|Any CPU.Deploy.0 = Debug|Any CPU
		{9E4C0A12-5C47-4435-B857-289EBEA021E2}.EasyTest|Any CPU.ActiveCfg = Release|Any CPU
		{9E4C0A12-5C47-4435-B857-289EBEA021E2}.EasyTest|Any CPU.Build.0 = Release|Any CPU
		{9E4C0A12-5C47-4435-B857-289EBEA021E2}.EasyTest|Any CPU.Deploy.0 = Release|Any CPU
		{9E4C0A12-5C47-4435-B857-289EBEA021E2}.Release|Any CPU.ActiveCfg = Release|Any CPU
		{9E4C0A12-5C47-4435-B857-289EBEA021E2}.Release|Any CPU.Build.0 = Release|Any CPU
		{9E4C0A12-5C47-4435-B857-289EBEA021E2}.Release|Any CPU.Deploy.0 = Release|Any CPU
		{A009B65D-C98E-4EEA-8660-6DDE3162068F}.Debug|Any CPU.ActiveCfg = Debug|Any CPU
		{A009B65D-C98E-4EEA-8660-6DDE3162068F}.Debug|Any CPU.Build.0 = Debug|Any CPU
		{A009B65D-C98E-4EEA-8660-6DDE3162068F}.EasyTest|Any CPU.ActiveCfg = Release|Any CPU
		{A009B65D-C98E-4EEA-8660-6DDE3162068F}.EasyTest|Any CPU.Build.0 = Release|Any CPU
		{A009B65D-C98E-4EEA-8660-6DDE3162068F}.Release|Any CPU.ActiveCfg = Release|Any CPU
		{A009B65D-C98E-4EEA-8660-6DDE3162068F}.Release|Any CPU.Build.0 = Release|Any CPU
		{D673F970-77B7-4D61-8880-FBE7BA23CC80}.Debug|Any CPU.ActiveCfg = Debug|Any CPU
		{D673F970-77B7-4D61-8880-FBE7BA23CC80}.Debug|Any CPU.Build.0 = Debug|Any CPU
		{D673F970-77B7-4D61-8880-FBE7BA23CC80}.EasyTest|Any CPU.ActiveCfg = Release|Any CPU
		{D673F970-77B7-4D61-8880-FBE7BA23CC80}.EasyTest|Any CPU.Build.0 = Release|Any CPU
		{D673F970-77B7-4D61-8880-FBE7BA23CC80}.Release|Any CPU.ActiveCfg = Release|Any CPU
		{D673F970-77B7-4D61-8880-FBE7BA23CC80}.Release|Any CPU.Build.0 = Release|Any CPU
		{3FD77AC5-A3E9-467D-9F66-5265850BB985}.Debug|Any CPU.ActiveCfg = Debug|Any CPU
		{3FD77AC5-A3E9-467D-9F66-5265850BB985}.Debug|Any CPU.Build.0 = Debug|Any CPU
		{3FD77AC5-A3E9-467D-9F66-5265850BB985}.EasyTest|Any CPU.ActiveCfg = Release|Any CPU
		{3FD77AC5-A3E9-467D-9F66-5265850BB985}.EasyTest|Any CPU.Build.0 = Release|Any CPU
		{3FD77AC5-A3E9-467D-9F66-5265850BB985}.Release|Any CPU.ActiveCfg = Release|Any CPU
		{3FD77AC5-A3E9-467D-9F66-5265850BB985}.Release|Any CPU.Build.0 = Release|Any CPU
		{BFEE39BD-0CD1-464B-A490-A69348A1F8A7}.Debug|Any CPU.ActiveCfg = Debug|Any CPU
		{BFEE39BD-0CD1-464B-A490-A69348A1F8A7}.Debug|Any CPU.Build.0 = Debug|Any CPU
		{BFEE39BD-0CD1-464B-A490-A69348A1F8A7}.EasyTest|Any CPU.ActiveCfg = Release|Any CPU
		{BFEE39BD-0CD1-464B-A490-A69348A1F8A7}.EasyTest|Any CPU.Build.0 = Release|Any CPU
		{BFEE39BD-0CD1-464B-A490-A69348A1F8A7}.Release|Any CPU.ActiveCfg = Release|Any CPU
		{BFEE39BD-0CD1-464B-A490-A69348A1F8A7}.Release|Any CPU.Build.0 = Release|Any CPU
		{79318176-AB95-45E4-97D8-242D0B7F2305}.Debug|Any CPU.ActiveCfg = Debug|Any CPU
		{79318176-AB95-45E4-97D8-242D0B7F2305}.Debug|Any CPU.Build.0 = Debug|Any CPU
		{79318176-AB95-45E4-97D8-242D0B7F2305}.EasyTest|Any CPU.ActiveCfg = EasyTest|Any CPU
		{79318176-AB95-45E4-97D8-242D0B7F2305}.EasyTest|Any CPU.Build.0 = EasyTest|Any CPU
		{79318176-AB95-45E4-97D8-242D0B7F2305}.Release|Any CPU.ActiveCfg = Release|Any CPU
		{79318176-AB95-45E4-97D8-242D0B7F2305}.Release|Any CPU.Build.0 = Release|Any CPU
		{27E80B95-0B4C-417D-A688-A5B24C9A8E0A}.Debug|Any CPU.ActiveCfg = Debug|Any CPU
		{27E80B95-0B4C-417D-A688-A5B24C9A8E0A}.Debug|Any CPU.Build.0 = Debug|Any CPU
		{27E80B95-0B4C-417D-A688-A5B24C9A8E0A}.EasyTest|Any CPU.ActiveCfg = EasyTest|Any CPU
		{27E80B95-0B4C-417D-A688-A5B24C9A8E0A}.EasyTest|Any CPU.Build.0 = EasyTest|Any CPU
		{27E80B95-0B4C-417D-A688-A5B24C9A8E0A}.Release|Any CPU.ActiveCfg = Release|Any CPU
		{27E80B95-0B4C-417D-A688-A5B24C9A8E0A}.Release|Any CPU.Build.0 = Release|Any CPU
		{AEB3C5B8-6641-49FD-8032-9DAD9B0806F7}.Debug|Any CPU.ActiveCfg = Debug|Any CPU
		{AEB3C5B8-6641-49FD-8032-9DAD9B0806F7}.Debug|Any CPU.Build.0 = Debug|Any CPU
		{AEB3C5B8-6641-49FD-8032-9DAD9B0806F7}.EasyTest|Any CPU.ActiveCfg = EasyTest|Any CPU
		{AEB3C5B8-6641-49FD-8032-9DAD9B0806F7}.EasyTest|Any CPU.Build.0 = EasyTest|Any CPU
		{AEB3C5B8-6641-49FD-8032-9DAD9B0806F7}.Release|Any CPU.ActiveCfg = Release|Any CPU
		{AEB3C5B8-6641-49FD-8032-9DAD9B0806F7}.Release|Any CPU.Build.0 = Release|Any CPU
		{B506B328-630B-4E3A-9A40-425C90486ECC}.Debug|Any CPU.ActiveCfg = Debug|Any CPU
		{B506B328-630B-4E3A-9A40-425C90486ECC}.Debug|Any CPU.Build.0 = Debug|Any CPU
		{B506B328-630B-4E3A-9A40-425C90486ECC}.EasyTest|Any CPU.ActiveCfg = EasyTest|Any CPU
		{B506B328-630B-4E3A-9A40-425C90486ECC}.EasyTest|Any CPU.Build.0 = EasyTest|Any CPU
		{B506B328-630B-4E3A-9A40-425C90486ECC}.Release|Any CPU.ActiveCfg = Release|Any CPU
		{B506B328-630B-4E3A-9A40-425C90486ECC}.Release|Any CPU.Build.0 = Release|Any CPU
		{65931C42-A760-4F89-AD06-EAD720DD2ABC}.Debug|Any CPU.ActiveCfg = Debug|Any CPU
		{65931C42-A760-4F89-AD06-EAD720DD2ABC}.Debug|Any CPU.Build.0 = Debug|Any CPU
		{65931C42-A760-4F89-AD06-EAD720DD2ABC}.EasyTest|Any CPU.ActiveCfg = Debug|Any CPU
		{65931C42-A760-4F89-AD06-EAD720DD2ABC}.EasyTest|Any CPU.Build.0 = Debug|Any CPU
		{65931C42-A760-4F89-AD06-EAD720DD2ABC}.Release|Any CPU.ActiveCfg = Release|Any CPU
		{65931C42-A760-4F89-AD06-EAD720DD2ABC}.Release|Any CPU.Build.0 = Release|Any CPU
	EndGlobalSection
	GlobalSection(SolutionProperties) = preSolution
		HideSolutionNode = FALSE
	EndGlobalSection
	GlobalSection(ExtensibilityGlobals) = postSolution
		SolutionGuid = {CEAC98B5-15B7-48C4-B9F0-53F2A6C674D2}
	EndGlobalSection
EndGlobal
